
Microsoft Visual Studio Solution File, Format Version 12.00
# Visual Studio 2013
VisualStudioVersion = 12.0.31101.0
MinimumVisualStudioVersion = 10.0.40219.1
Project("{FAE04EC0-301F-11D3-BF4B-00C04F79EFBC}") = "单例", "单例\单例.csproj", "{3A9A0537-B858-46E8-BD66-F74D2F4B8878}"
EndProject
Project("{FAE04EC0-301F-11D3-BF4B-00C04F79EFBC}") = "观察者模式", "观察者模式\观察者模式.csproj", "{70FCE196-B7F1-4437-AEB7-C608E25C7820}"
EndProject
Project("{FAE04EC0-301F-11D3-BF4B-00C04F79EFBC}") = "抽象类", "抽象类\抽象类.csproj", "{2485A005-5B0C-4775-9A4C-46FE0CD67250}"
EndProject
Project("{FAE04EC0-301F-11D3-BF4B-00C04F79EFBC}") = "泛型", "泛型\泛型.csproj", "{27BDE96C-637E-4665-BB11-54C5C721BC9B}"
EndProject
Project("{FAE04EC0-301F-11D3-BF4B-00C04F79EFBC}") = "构建自定义集合", "构建自定义集合\构建自定义集合.csproj", "{4D0A1E64-2FD6-4BBD-BD3E-A7D0082E4B85}"
EndProject
Project("{FAE04EC0-301F-11D3-BF4B-00C04F79EFBC}") = "简单反射例子", "反射\简单反射例子.csproj", "{F1F9AB20-25C7-47C0-AF47-D7D18D468DF1}"
EndProject
Project("{FAE04EC0-301F-11D3-BF4B-00C04F79EFBC}") = "简易Lamda", "Lamda\简易Lamda.csproj", "{06EE6849-935A-43F5-84F4-7EFA2E1EFEAC}"
EndProject
Project("{FAE04EC0-301F-11D3-BF4B-00C04F79EFBC}") = "2的N次方组合", "2的N次方组合\2的N次方组合.csproj", "{7EAB904C-03D5-43D3-A327-6864CD886B52}"
EndProject
Project("{FAE04EC0-301F-11D3-BF4B-00C04F79EFBC}") = "构造函数", "构造函数\构造函数.csproj", "{CFD43D7B-D915-4F77-AE1A-73955126513F}"
EndProject
Project("{FAE04EC0-301F-11D3-BF4B-00C04F79EFBC}") = "简单工厂模式", "工厂模式\简单工厂模式.csproj", "{943DFD92-871F-4E89-94FD-633C7D9FD509}"
EndProject
Project("{FAE04EC0-301F-11D3-BF4B-00C04F79EFBC}") = "原型模式", "原型模式\原型模式.csproj", "{40FD2485-79E6-40C9-AEC0-38D7E46C7121}"
EndProject
Project("{FAE04EC0-301F-11D3-BF4B-00C04F79EFBC}") = "抽象类实例", "抽象类实例\抽象类实例.csproj", "{6DE576F4-74DF-4673-9342-7AFD608FE120}"
EndProject
Project("{2150E333-8FDC-42A3-9474-1A3956D46DE8}") = "设计模式", "设计模式", "{48F59283-CB94-4C15-91AF-F9AD697DE934}"
EndProject
Project("{2150E333-8FDC-42A3-9474-1A3956D46DE8}") = "工厂模式", "工厂模式", "{8359A10B-2921-4F4A-B666-4E984E5123D9}"
EndProject
Project("{2150E333-8FDC-42A3-9474-1A3956D46DE8}") = "MVC", "MVC", "{8426DC4E-5FE4-4EFE-B4DB-3ACC08DC27A4}"
EndProject
Project("{2150E333-8FDC-42A3-9474-1A3956D46DE8}") = "反射", "反射", "{11A07F3D-450E-4441-A089-D7E72780DDCE}"
EndProject
Project("{2150E333-8FDC-42A3-9474-1A3956D46DE8}") = "抽象类", "抽象类", "{D63579A1-EF21-49B2-AAFD-71E95F1C79C3}"
EndProject
Project("{FAE04EC0-301F-11D3-BF4B-00C04F79EFBC}") = "二叉树", "二叉树\二叉树.csproj", "{B194A76A-27EE-4F80-A650-88A6F0C3ADFE}"
EndProject
Project("{FAE04EC0-301F-11D3-BF4B-00C04F79EFBC}") = "Ref和Out", "Ref和Out\Ref和Out.csproj", "{5CF5C376-4C2F-429B-A059-A45D1A1112BA}"
EndProject
Project("{2150E333-8FDC-42A3-9474-1A3956D46DE8}") = "小实验", "小实验", "{58683543-67BD-4953-976F-02712A63F7C2}"
EndProject
Project("{FAE04EC0-301F-11D3-BF4B-00C04F79EFBC}") = "return和finally", "return和finally\return和finally.csproj", "{391F727D-FE81-487F-B92E-AD5CDBC2FBA7}"
EndProject
Project("{FAE04EC0-301F-11D3-BF4B-00C04F79EFBC}") = "程序池", "程序池\程序池.csproj", "{2B71748C-3033-44D7-B8EE-A32B596A4FDF}"
EndProject
Project("{2150E333-8FDC-42A3-9474-1A3956D46DE8}") = "多线程", "多线程", "{0C49DA49-5FE7-4D65-B147-389CBCC70474}"
EndProject
Project("{FAE04EC0-301F-11D3-BF4B-00C04F79EFBC}") = "程序池2", "程序池2\程序池2.csproj", "{167D71BD-C035-4E79-9F55-B7D6F3CF291C}"
EndProject
Project("{FAE04EC0-301F-11D3-BF4B-00C04F79EFBC}") = "线程锁", "线程锁\线程锁.csproj", "{26BA01D5-80DB-487B-985F-D578FC0C9EC0}"
EndProject
Project("{FAE04EC0-301F-11D3-BF4B-00C04F79EFBC}") = "属性", "属性\属性.csproj", "{997AECF3-5576-4B22-AFD3-777B3D76E5BA}"
EndProject
Project("{FAE04EC0-301F-11D3-BF4B-00C04F79EFBC}") = "SQLite+EF", "SQLite+EF\SQLite+EF.csproj", "{352F1AAA-6A9F-456A-9EAA-02AE48A7661E}"
EndProject
Project("{2150E333-8FDC-42A3-9474-1A3956D46DE8}") = "Lamda表达式", "Lamda表达式", "{F2AE7894-8FE9-4572-A825-FAC9211513D9}"
EndProject
Project("{FAE04EC0-301F-11D3-BF4B-00C04F79EFBC}") = "生成动态查询", "生成动态查询\生成动态查询.csproj", "{20ED22A8-AC98-4A71-949A-60B9E6F8BB17}"
EndProject
Global
	GlobalSection(SolutionConfigurationPlatforms) = preSolution
		Debug|Any CPU = Debug|Any CPU
		Release|Any CPU = Release|Any CPU
	EndGlobalSection
	GlobalSection(ProjectConfigurationPlatforms) = postSolution
		{3A9A0537-B858-46E8-BD66-F74D2F4B8878}.Debug|Any CPU.ActiveCfg = Debug|Any CPU
		{3A9A0537-B858-46E8-BD66-F74D2F4B8878}.Debug|Any CPU.Build.0 = Debug|Any CPU
		{3A9A0537-B858-46E8-BD66-F74D2F4B8878}.Release|Any CPU.ActiveCfg = Release|Any CPU
		{3A9A0537-B858-46E8-BD66-F74D2F4B8878}.Release|Any CPU.Build.0 = Release|Any CPU
		{70FCE196-B7F1-4437-AEB7-C608E25C7820}.Debug|Any CPU.ActiveCfg = Debug|Any CPU
		{70FCE196-B7F1-4437-AEB7-C608E25C7820}.Debug|Any CPU.Build.0 = Debug|Any CPU
		{70FCE196-B7F1-4437-AEB7-C608E25C7820}.Release|Any CPU.ActiveCfg = Release|Any CPU
		{70FCE196-B7F1-4437-AEB7-C608E25C7820}.Release|Any CPU.Build.0 = Release|Any CPU
		{2485A005-5B0C-4775-9A4C-46FE0CD67250}.Debug|Any CPU.ActiveCfg = Debug|Any CPU
		{2485A005-5B0C-4775-9A4C-46FE0CD67250}.Debug|Any CPU.Build.0 = Debug|Any CPU
		{2485A005-5B0C-4775-9A4C-46FE0CD67250}.Release|Any CPU.ActiveCfg = Release|Any CPU
		{2485A005-5B0C-4775-9A4C-46FE0CD67250}.Release|Any CPU.Build.0 = Release|Any CPU
		{27BDE96C-637E-4665-BB11-54C5C721BC9B}.Debug|Any CPU.ActiveCfg = Debug|Any CPU
		{27BDE96C-637E-4665-BB11-54C5C721BC9B}.Debug|Any CPU.Build.0 = Debug|Any CPU
		{27BDE96C-637E-4665-BB11-54C5C721BC9B}.Release|Any CPU.ActiveCfg = Release|Any CPU
		{27BDE96C-637E-4665-BB11-54C5C721BC9B}.Release|Any CPU.Build.0 = Release|Any CPU
		{4D0A1E64-2FD6-4BBD-BD3E-A7D0082E4B85}.Debug|Any CPU.ActiveCfg = Debug|Any CPU
		{4D0A1E64-2FD6-4BBD-BD3E-A7D0082E4B85}.Debug|Any CPU.Build.0 = Debug|Any CPU
		{4D0A1E64-2FD6-4BBD-BD3E-A7D0082E4B85}.Release|Any CPU.ActiveCfg = Release|Any CPU
		{4D0A1E64-2FD6-4BBD-BD3E-A7D0082E4B85}.Release|Any CPU.Build.0 = Release|Any CPU
		{F1F9AB20-25C7-47C0-AF47-D7D18D468DF1}.Debug|Any CPU.ActiveCfg = Debug|Any CPU
		{F1F9AB20-25C7-47C0-AF47-D7D18D468DF1}.Debug|Any CPU.Build.0 = Debug|Any CPU
		{F1F9AB20-25C7-47C0-AF47-D7D18D468DF1}.Release|Any CPU.ActiveCfg = Release|Any CPU
		{F1F9AB20-25C7-47C0-AF47-D7D18D468DF1}.Release|Any CPU.Build.0 = Release|Any CPU
		{06EE6849-935A-43F5-84F4-7EFA2E1EFEAC}.Debug|Any CPU.ActiveCfg = Debug|Any CPU
		{06EE6849-935A-43F5-84F4-7EFA2E1EFEAC}.Debug|Any CPU.Build.0 = Debug|Any CPU
		{06EE6849-935A-43F5-84F4-7EFA2E1EFEAC}.Release|Any CPU.ActiveCfg = Release|Any CPU
		{06EE6849-935A-43F5-84F4-7EFA2E1EFEAC}.Release|Any CPU.Build.0 = Release|Any CPU
		{7EAB904C-03D5-43D3-A327-6864CD886B52}.Debug|Any CPU.ActiveCfg = Debug|Any CPU
		{7EAB904C-03D5-43D3-A327-6864CD886B52}.Debug|Any CPU.Build.0 = Debug|Any CPU
		{7EAB904C-03D5-43D3-A327-6864CD886B52}.Release|Any CPU.ActiveCfg = Release|Any CPU
		{7EAB904C-03D5-43D3-A327-6864CD886B52}.Release|Any CPU.Build.0 = Release|Any CPU
		{CFD43D7B-D915-4F77-AE1A-73955126513F}.Debug|Any CPU.ActiveCfg = Debug|Any CPU
		{CFD43D7B-D915-4F77-AE1A-73955126513F}.Debug|Any CPU.Build.0 = Debug|Any CPU
		{CFD43D7B-D915-4F77-AE1A-73955126513F}.Release|Any CPU.ActiveCfg = Release|Any CPU
		{CFD43D7B-D915-4F77-AE1A-73955126513F}.Release|Any CPU.Build.0 = Release|Any CPU
		{943DFD92-871F-4E89-94FD-633C7D9FD509}.Debug|Any CPU.ActiveCfg = Debug|Any CPU
		{943DFD92-871F-4E89-94FD-633C7D9FD509}.Debug|Any CPU.Build.0 = Debug|Any CPU
		{943DFD92-871F-4E89-94FD-633C7D9FD509}.Release|Any CPU.ActiveCfg = Release|Any CPU
		{943DFD92-871F-4E89-94FD-633C7D9FD509}.Release|Any CPU.Build.0 = Release|Any CPU
		{40FD2485-79E6-40C9-AEC0-38D7E46C7121}.Debug|Any CPU.ActiveCfg = Debug|Any CPU
		{40FD2485-79E6-40C9-AEC0-38D7E46C7121}.Debug|Any CPU.Build.0 = Debug|Any CPU
		{40FD2485-79E6-40C9-AEC0-38D7E46C7121}.Release|Any CPU.ActiveCfg = Release|Any CPU
		{40FD2485-79E6-40C9-AEC0-38D7E46C7121}.Release|Any CPU.Build.0 = Release|Any CPU
		{6DE576F4-74DF-4673-9342-7AFD608FE120}.Debug|Any CPU.ActiveCfg = Debug|Any CPU
		{6DE576F4-74DF-4673-9342-7AFD608FE120}.Debug|Any CPU.Build.0 = Debug|Any CPU
		{6DE576F4-74DF-4673-9342-7AFD608FE120}.Release|Any CPU.ActiveCfg = Release|Any CPU
		{6DE576F4-74DF-4673-9342-7AFD608FE120}.Release|Any CPU.Build.0 = Release|Any CPU
		{B194A76A-27EE-4F80-A650-88A6F0C3ADFE}.Debug|Any CPU.ActiveCfg = Debug|Any CPU
		{B194A76A-27EE-4F80-A650-88A6F0C3ADFE}.Debug|Any CPU.Build.0 = Debug|Any CPU
		{B194A76A-27EE-4F80-A650-88A6F0C3ADFE}.Release|Any CPU.ActiveCfg = Release|Any CPU
		{B194A76A-27EE-4F80-A650-88A6F0C3ADFE}.Release|Any CPU.Build.0 = Release|Any CPU
		{5CF5C376-4C2F-429B-A059-A45D1A1112BA}.Debug|Any CPU.ActiveCfg = Debug|Any CPU
		{5CF5C376-4C2F-429B-A059-A45D1A1112BA}.Debug|Any CPU.Build.0 = Debug|Any CPU
		{5CF5C376-4C2F-429B-A059-A45D1A1112BA}.Release|Any CPU.ActiveCfg = Release|Any CPU
		{5CF5C376-4C2F-429B-A059-A45D1A1112BA}.Release|Any CPU.Build.0 = Release|Any CPU
		{391F727D-FE81-487F-B92E-AD5CDBC2FBA7}.Debug|Any CPU.ActiveCfg = Debug|Any CPU
		{391F727D-FE81-487F-B92E-AD5CDBC2FBA7}.Debug|Any CPU.Build.0 = Debug|Any CPU
		{391F727D-FE81-487F-B92E-AD5CDBC2FBA7}.Release|Any CPU.ActiveCfg = Release|Any CPU
		{391F727D-FE81-487F-B92E-AD5CDBC2FBA7}.Release|Any CPU.Build.0 = Release|Any CPU
		{2B71748C-3033-44D7-B8EE-A32B596A4FDF}.Debug|Any CPU.ActiveCfg = Debug|Any CPU
		{2B71748C-3033-44D7-B8EE-A32B596A4FDF}.Debug|Any CPU.Build.0 = Debug|Any CPU
		{2B71748C-3033-44D7-B8EE-A32B596A4FDF}.Release|Any CPU.ActiveCfg = Release|Any CPU
		{2B71748C-3033-44D7-B8EE-A32B596A4FDF}.Release|Any CPU.Build.0 = Release|Any CPU
		{167D71BD-C035-4E79-9F55-B7D6F3CF291C}.Debug|Any CPU.ActiveCfg = Debug|Any CPU
		{167D71BD-C035-4E79-9F55-B7D6F3CF291C}.Debug|Any CPU.Build.0 = Debug|Any CPU
		{167D71BD-C035-4E79-9F55-B7D6F3CF291C}.Release|Any CPU.ActiveCfg = Release|Any CPU
		{167D71BD-C035-4E79-9F55-B7D6F3CF291C}.Release|Any CPU.Build.0 = Release|Any CPU
		{26BA01D5-80DB-487B-985F-D578FC0C9EC0}.Debug|Any CPU.ActiveCfg = Debug|Any CPU
		{26BA01D5-80DB-487B-985F-D578FC0C9EC0}.Debug|Any CPU.Build.0 = Debug|Any CPU
		{26BA01D5-80DB-487B-985F-D578FC0C9EC0}.Release|Any CPU.ActiveCfg = Release|Any CPU
		{26BA01D5-80DB-487B-985F-D578FC0C9EC0}.Release|Any CPU.Build.0 = Release|Any CPU
		{997AECF3-5576-4B22-AFD3-777B3D76E5BA}.Debug|Any CPU.ActiveCfg = Debug|Any CPU
		{997AECF3-5576-4B22-AFD3-777B3D76E5BA}.Debug|Any CPU.Build.0 = Debug|Any CPU
		{997AECF3-5576-4B22-AFD3-777B3D76E5BA}.Release|Any CPU.ActiveCfg = Release|Any CPU
		{997AECF3-5576-4B22-AFD3-777B3D76E5BA}.Release|Any CPU.Build.0 = Release|Any CPU
		{352F1AAA-6A9F-456A-9EAA-02AE48A7661E}.Debug|Any CPU.ActiveCfg = Debug|Any CPU
		{352F1AAA-6A9F-456A-9EAA-02AE48A7661E}.Debug|Any CPU.Build.0 = Debug|Any CPU
		{352F1AAA-6A9F-456A-9EAA-02AE48A7661E}.Release|Any CPU.ActiveCfg = Release|Any CPU
		{352F1AAA-6A9F-456A-9EAA-02AE48A7661E}.Release|Any CPU.Build.0 = Release|Any CPU
		{20ED22A8-AC98-4A71-949A-60B9E6F8BB17}.Debug|Any CPU.ActiveCfg = Debug|Any CPU
		{20ED22A8-AC98-4A71-949A-60B9E6F8BB17}.Debug|Any CPU.Build.0 = Debug|Any CPU
		{20ED22A8-AC98-4A71-949A-60B9E6F8BB17}.Release|Any CPU.ActiveCfg = Release|Any CPU
		{20ED22A8-AC98-4A71-949A-60B9E6F8BB17}.Release|Any CPU.Build.0 = Release|Any CPU
	EndGlobalSection
	GlobalSection(SolutionProperties) = preSolution
		HideSolutionNode = FALSE
	EndGlobalSection
	GlobalSection(NestedProjects) = preSolution
		{3A9A0537-B858-46E8-BD66-F74D2F4B8878} = {48F59283-CB94-4C15-91AF-F9AD697DE934}
		{70FCE196-B7F1-4437-AEB7-C608E25C7820} = {48F59283-CB94-4C15-91AF-F9AD697DE934}
		{2485A005-5B0C-4775-9A4C-46FE0CD67250} = {D63579A1-EF21-49B2-AAFD-71E95F1C79C3}
		{F1F9AB20-25C7-47C0-AF47-D7D18D468DF1} = {11A07F3D-450E-4441-A089-D7E72780DDCE}
		{943DFD92-871F-4E89-94FD-633C7D9FD509} = {8359A10B-2921-4F4A-B666-4E984E5123D9}
		{40FD2485-79E6-40C9-AEC0-38D7E46C7121} = {48F59283-CB94-4C15-91AF-F9AD697DE934}
		{6DE576F4-74DF-4673-9342-7AFD608FE120} = {D63579A1-EF21-49B2-AAFD-71E95F1C79C3}
		{391F727D-FE81-487F-B92E-AD5CDBC2FBA7} = {58683543-67BD-4953-976F-02712A63F7C2}
		{2B71748C-3033-44D7-B8EE-A32B596A4FDF} = {0C49DA49-5FE7-4D65-B147-389CBCC70474}
		{167D71BD-C035-4E79-9F55-B7D6F3CF291C} = {0C49DA49-5FE7-4D65-B147-389CBCC70474}
		{26BA01D5-80DB-487B-985F-D578FC0C9EC0} = {0C49DA49-5FE7-4D65-B147-389CBCC70474}
		{20ED22A8-AC98-4A71-949A-60B9E6F8BB17} = {F2AE7894-8FE9-4572-A825-FAC9211513D9}
	EndGlobalSection
EndGlobal
