
Microsoft Visual Studio Solution File, Format Version 12.00
# Visual Studio 2013
VisualStudioVersion = 12.0.31101.0
MinimumVisualStudioVersion = 10.0.40219.1
Project("{FAE04EC0-301F-11D3-BF4B-00C04F79EFBC}") = "单例", "单例\单例.csproj", "{3A9A0537-B858-46E8-BD66-F74D2F4B8878}"
EndProject
Project("{FAE04EC0-301F-11D3-BF4B-00C04F79EFBC}") = "观察者模式", "观察者模式\观察者模式.csproj", "{70FCE196-B7F1-4437-AEB7-C608E25C7820}"
EndProject
Project("{FAE04EC0-301F-11D3-BF4B-00C04F79EFBC}") = "抽象类", "抽象类\抽象类.csproj", "{2485A005-5B0C-4775-9A4C-46FE0CD67250}"
EndProject
Project("{FAE04EC0-301F-11D3-BF4B-00C04F79EFBC}") = "泛型", "泛型\泛型.csproj", "{27BDE96C-637E-4665-BB11-54C5C721BC9B}"
EndProject
Project("{FAE04EC0-301F-11D3-BF4B-00C04F79EFBC}") = "构建自定义集合", "构建自定义集合\构建自定义集合.csproj", "{4D0A1E64-2FD6-4BBD-BD3E-A7D0082E4B85}"
EndProject
Project("{FAE04EC0-301F-11D3-BF4B-00C04F79EFBC}") = "简单反射例子", "反射\简单反射例子.csproj", "{F1F9AB20-25C7-47C0-AF47-D7D18D468DF1}"
EndProject
Project("{FAE04EC0-301F-11D3-BF4B-00C04F79EFBC}") = "简易Lamda", "Lamda\简易Lamda.csproj", "{06EE6849-935A-43F5-84F4-7EFA2E1EFEAC}"
EndProject
Project("{FAE04EC0-301F-11D3-BF4B-00C04F79EFBC}") = "2的N次方组合", "2的N次方组合\2的N次方组合.csproj", "{7EAB904C-03D5-43D3-A327-6864CD886B52}"
EndProject
Project("{FAE04EC0-301F-11D3-BF4B-00C04F79EFBC}") = "构造函数", "构造函数\构造函数.csproj", "{CFD43D7B-D915-4F77-AE1A-73955126513F}"
EndProject
Project("{FAE04EC0-301F-11D3-BF4B-00C04F79EFBC}") = "简单工厂模式", "工厂模式\简单工厂模式.csproj", "{943DFD92-871F-4E89-94FD-633C7D9FD509}"
EndProject
Project("{FAE04EC0-301F-11D3-BF4B-00C04F79EFBC}") = "原型模式", "原型模式\原型模式.csproj", "{40FD2485-79E6-40C9-AEC0-38D7E46C7121}"
EndProject
Project("{FAE04EC0-301F-11D3-BF4B-00C04F79EFBC}") = "抽象类实例", "抽象类实例\抽象类实例.csproj", "{6DE576F4-74DF-4673-9342-7AFD608FE120}"
EndProject
Project("{2150E333-8FDC-42A3-9474-1A3956D46DE8}") = "设计模式", "设计模式", "{48F59283-CB94-4C15-91AF-F9AD697DE934}"
EndProject
Project("{2150E333-8FDC-42A3-9474-1A3956D46DE8}") = "工厂模式", "工厂模式", "{8359A10B-2921-4F4A-B666-4E984E5123D9}"
EndProject
Project("{2150E333-8FDC-42A3-9474-1A3956D46DE8}") = "MVC", "MVC", "{8426DC4E-5FE4-4EFE-B4DB-3ACC08DC27A4}"
EndProject
Global
	GlobalSection(SolutionConfigurationPlatforms) = preSolution
		Debug|Any CPU = Debug|Any CPU
		Release|Any CPU = Release|Any CPU
	EndGlobalSection
	GlobalSection(ProjectConfigurationPlatforms) = postSolution
		{3A9A0537-B858-46E8-BD66-F74D2F4B8878}.Debug|Any CPU.ActiveCfg = Debug|Any CPU
		{3A9A0537-B858-46E8-BD66-F74D2F4B8878}.Debug|Any CPU.Build.0 = Debug|Any CPU
		{3A9A0537-B858-46E8-BD66-F74D2F4B8878}.Release|Any CPU.ActiveCfg = Release|Any CPU
		{3A9A0537-B858-46E8-BD66-F74D2F4B8878}.Release|Any CPU.Build.0 = Release|Any CPU
		{70FCE196-B7F1-4437-AEB7-C608E25C7820}.Debug|Any CPU.ActiveCfg = Debug|Any CPU
		{70FCE196-B7F1-4437-AEB7-C608E25C7820}.Debug|Any CPU.Build.0 = Debug|Any CPU
		{70FCE196-B7F1-4437-AEB7-C608E25C7820}.Release|Any CPU.ActiveCfg = Release|Any CPU
		{70FCE196-B7F1-4437-AEB7-C608E25C7820}.Release|Any CPU.Build.0 = Release|Any CPU
		{2485A005-5B0C-4775-9A4C-46FE0CD67250}.Debug|Any CPU.ActiveCfg = Debug|Any CPU
		{2485A005-5B0C-4775-9A4C-46FE0CD67250}.Debug|Any CPU.Build.0 = Debug|Any CPU
		{2485A005-5B0C-4775-9A4C-46FE0CD67250}.Release|Any CPU.ActiveCfg = Release|Any CPU
		{2485A005-5B0C-4775-9A4C-46FE0CD67250}.Release|Any CPU.Build.0 = Release|Any CPU
		{27BDE96C-637E-4665-BB11-54C5C721BC9B}.Debug|Any CPU.ActiveCfg = Debug|Any CPU
		{27BDE96C-637E-4665-BB11-54C5C721BC9B}.Debug|Any CPU.Build.0 = Debug|Any CPU
		{27BDE96C-637E-4665-BB11-54C5C721BC9B}.Release|Any CPU.ActiveCfg = Release|Any CPU
		{27BDE96C-637E-4665-BB11-54C5C721BC9B}.Release|Any CPU.Build.0 = Release|Any CPU
		{4D0A1E64-2FD6-4BBD-BD3E-A7D0082E4B85}.Debug|Any CPU.ActiveCfg = Debug|Any CPU
		{4D0A1E64-2FD6-4BBD-BD3E-A7D0082E4B85}.Debug|Any CPU.Build.0 = Debug|Any CPU
		{4D0A1E64-2FD6-4BBD-BD3E-A7D0082E4B85}.Release|Any CPU.ActiveCfg = Release|Any CPU
		{4D0A1E64-2FD6-4BBD-BD3E-A7D0082E4B85}.Release|Any CPU.Build.0 = Release|Any CPU
		{F1F9AB20-25C7-47C0-AF47-D7D18D468DF1}.Debug|Any CPU.ActiveCfg = Debug|Any CPU
		{F1F9AB20-25C7-47C0-AF47-D7D18D468DF1}.Debug|Any CPU.Build.0 = Debug|Any CPU
		{F1F9AB20-25C7-47C0-AF47-D7D18D468DF1}.Release|Any CPU.ActiveCfg = Release|Any CPU
		{F1F9AB20-25C7-47C0-AF47-D7D18D468DF1}.Release|Any CPU.Build.0 = Release|Any CPU
		{06EE6849-935A-43F5-84F4-7EFA2E1EFEAC}.Debug|Any CPU.ActiveCfg = Debug|Any CPU
		{06EE6849-935A-43F5-84F4-7EFA2E1EFEAC}.Debug|Any CPU.Build.0 = Debug|Any CPU
		{06EE6849-935A-43F5-84F4-7EFA2E1EFEAC}.Release|Any CPU.ActiveCfg = Release|Any CPU
		{06EE6849-935A-43F5-84F4-7EFA2E1EFEAC}.Release|Any CPU.Build.0 = Release|Any CPU
		{7EAB904C-03D5-43D3-A327-6864CD886B52}.Debug|Any CPU.ActiveCfg = Debug|Any CPU
		{7EAB904C-03D5-43D3-A327-6864CD886B52}.Debug|Any CPU.Build.0 = Debug|Any CPU
		{7EAB904C-03D5-43D3-A327-6864CD886B52}.Release|Any CPU.ActiveCfg = Release|Any CPU
		{7EAB904C-03D5-43D3-A327-6864CD886B52}.Release|Any CPU.Build.0 = Release|Any CPU
		{CFD43D7B-D915-4F77-AE1A-73955126513F}.Debug|Any CPU.ActiveCfg = Debug|Any CPU
		{CFD43D7B-D915-4F77-AE1A-73955126513F}.Debug|Any CPU.Build.0 = Debug|Any CPU
		{CFD43D7B-D915-4F77-AE1A-73955126513F}.Release|Any CPU.ActiveCfg = Release|Any CPU
		{CFD43D7B-D915-4F77-AE1A-73955126513F}.Release|Any CPU.Build.0 = Release|Any CPU
		{943DFD92-871F-4E89-94FD-633C7D9FD509}.Debug|Any CPU.ActiveCfg = Debug|Any CPU
		{943DFD92-871F-4E89-94FD-633C7D9FD509}.Debug|Any CPU.Build.0 = Debug|Any CPU
		{943DFD92-871F-4E89-94FD-633C7D9FD509}.Release|Any CPU.ActiveCfg = Release|Any CPU
		{943DFD92-871F-4E89-94FD-633C7D9FD509}.Release|Any CPU.Build.0 = Release|Any CPU
		{40FD2485-79E6-40C9-AEC0-38D7E46C7121}.Debug|Any CPU.ActiveCfg = Debug|Any CPU
		{40FD2485-79E6-40C9-AEC0-38D7E46C7121}.Debug|Any CPU.Build.0 = Debug|Any CPU
		{40FD2485-79E6-40C9-AEC0-38D7E46C7121}.Release|Any CPU.ActiveCfg = Release|Any CPU
		{40FD2485-79E6-40C9-AEC0-38D7E46C7121}.Release|Any CPU.Build.0 = Release|Any CPU
		{6DE576F4-74DF-4673-9342-7AFD608FE120}.Debug|Any CPU.ActiveCfg = Debug|Any CPU
		{6DE576F4-74DF-4673-9342-7AFD608FE120}.Debug|Any CPU.Build.0 = Debug|Any CPU
		{6DE576F4-74DF-4673-9342-7AFD608FE120}.Release|Any CPU.ActiveCfg = Release|Any CPU
		{6DE576F4-74DF-4673-9342-7AFD608FE120}.Release|Any CPU.Build.0 = Release|Any CPU
	EndGlobalSection
	GlobalSection(SolutionProperties) = preSolution
		HideSolutionNode = FALSE
	EndGlobalSection
	GlobalSection(NestedProjects) = preSolution
		{3A9A0537-B858-46E8-BD66-F74D2F4B8878} = {48F59283-CB94-4C15-91AF-F9AD697DE934}
		{70FCE196-B7F1-4437-AEB7-C608E25C7820} = {48F59283-CB94-4C15-91AF-F9AD697DE934}
		{943DFD92-871F-4E89-94FD-633C7D9FD509} = {8359A10B-2921-4F4A-B666-4E984E5123D9}
		{40FD2485-79E6-40C9-AEC0-38D7E46C7121} = {48F59283-CB94-4C15-91AF-F9AD697DE934}
	EndGlobalSection
EndGlobal
